
Microsoft Visual Studio Solution File, Format Version 12.00
# Visual Studio Version 17
VisualStudioVersion = 17.1.32421.90
MinimumVisualStudioVersion = 10.0.40219.1
Project("{FAE04EC0-301F-11D3-BF4B-00C04F79EFBC}") = "MvcFrameworkProjem", "MvcFrameworkProjem\MvcFrameworkProjem.csproj", "{93EA31D6-1826-4DDB-8883-E83ED493A23A}"
EndProject
Project("{FAE04EC0-301F-11D3-BF4B-00C04F79EFBC}") = "DataAccessLayer", "DAL\DataAccessLayer.csproj", "{D63140FB-8433-4E37-956B-237B37DE129F}"
EndProject
Project("{FAE04EC0-301F-11D3-BF4B-00C04F79EFBC}") = "EntityLayer", "Entities\EntityLayer.csproj", "{4FA7A8C1-CB6C-4DBB-823E-EF67317AF455}"
EndProject
Project("{FAE04EC0-301F-11D3-BF4B-00C04F79EFBC}") = "BusinessLayer", "BLL\BusinessLayer.csproj", "{38EFE87E-8D0A-480C-B0F0-F3D94A26A700}"
EndProject
Global
	GlobalSection(SolutionConfigurationPlatforms) = preSolution
		Debug|Any CPU = Debug|Any CPU
		Release|Any CPU = Release|Any CPU
	EndGlobalSection
	GlobalSection(ProjectConfigurationPlatforms) = postSolution
		{93EA31D6-1826-4DDB-8883-E83ED493A23A}.Debug|Any CPU.ActiveCfg = Debug|Any CPU
		{93EA31D6-1826-4DDB-8883-E83ED493A23A}.Debug|Any CPU.Build.0 = Debug|Any CPU
		{93EA31D6-1826-4DDB-8883-E83ED493A23A}.Release|Any CPU.ActiveCfg = Release|Any CPU
		{93EA31D6-1826-4DDB-8883-E83ED493A23A}.Release|Any CPU.Build.0 = Release|Any CPU
		{D63140FB-8433-4E37-956B-237B37DE129F}.Debug|Any CPU.ActiveCfg = Debug|Any CPU
		{D63140FB-8433-4E37-956B-237B37DE129F}.Debug|Any CPU.Build.0 = Debug|Any CPU
		{D63140FB-8433-4E37-956B-237B37DE129F}.Release|Any CPU.ActiveCfg = Release|Any CPU
		{D63140FB-8433-4E37-956B-237B37DE129F}.Release|Any CPU.Build.0 = Release|Any CPU
		{4FA7A8C1-CB6C-4DBB-823E-EF67317AF455}.Debug|Any CPU.ActiveCfg = Debug|Any CPU
		{4FA7A8C1-CB6C-4DBB-823E-EF67317AF455}.Debug|Any CPU.Build.0 = Debug|Any CPU
		{4FA7A8C1-CB6C-4DBB-823E-EF67317AF455}.Release|Any CPU.ActiveCfg = Release|Any CPU
		{4FA7A8C1-CB6C-4DBB-823E-EF67317AF455}.Release|Any CPU.Build.0 = Release|Any CPU
		{38EFE87E-8D0A-480C-B0F0-F3D94A26A700}.Debug|Any CPU.ActiveCfg = Debug|Any CPU
		{38EFE87E-8D0A-480C-B0F0-F3D94A26A700}.Debug|Any CPU.Build.0 = Debug|Any CPU
		{38EFE87E-8D0A-480C-B0F0-F3D94A26A700}.Release|Any CPU.ActiveCfg = Release|Any CPU
		{38EFE87E-8D0A-480C-B0F0-F3D94A26A700}.Release|Any CPU.Build.0 = Release|Any CPU
	EndGlobalSection
	GlobalSection(SolutionProperties) = preSolution
		HideSolutionNode = FALSE
	EndGlobalSection
	GlobalSection(ExtensibilityGlobals) = postSolution
		SolutionGuid = {ADCC3474-9DDC-4C08-9068-12280FF6511D}
	EndGlobalSection
EndGlobal
